
Microsoft Visual Studio Solution File, Format Version 12.00
# Visual Studio Version 16
VisualStudioVersion = 16.0.29521.150
MinimumVisualStudioVersion = 10.0.40219.1
Project("{9A19103F-16F7-4668-BE54-9A1E7A4F7556}") = "Repl", "Repl\Repl.csproj", "{78715ABE-FC6C-4DF1-A3FC-7520CE0ACA3E}"
EndProject
Project("{FAE04EC0-301F-11D3-BF4B-00C04F79EFBC}") = "CodeAnalysis", "CodeAnalysis\CodeAnalysis.csproj", "{CE054E22-29AD-466B-BCEF-B7F58615D33A}"
EndProject
Global
	GlobalSection(SolutionConfigurationPlatforms) = preSolution
		Debug|Any CPU = Debug|Any CPU
		Release|Any CPU = Release|Any CPU
	EndGlobalSection
	GlobalSection(ProjectConfigurationPlatforms) = postSolution
		{78715ABE-FC6C-4DF1-A3FC-7520CE0ACA3E}.Debug|Any CPU.ActiveCfg = Debug|Any CPU
		{78715ABE-FC6C-4DF1-A3FC-7520CE0ACA3E}.Debug|Any CPU.Build.0 = Debug|Any CPU
		{78715ABE-FC6C-4DF1-A3FC-7520CE0ACA3E}.Release|Any CPU.ActiveCfg = Release|Any CPU
		{78715ABE-FC6C-4DF1-A3FC-7520CE0ACA3E}.Release|Any CPU.Build.0 = Release|Any CPU
		{CE054E22-29AD-466B-BCEF-B7F58615D33A}.Debug|Any CPU.ActiveCfg = Debug|Any CPU
		{CE054E22-29AD-466B-BCEF-B7F58615D33A}.Debug|Any CPU.Build.0 = Debug|Any CPU
		{CE054E22-29AD-466B-BCEF-B7F58615D33A}.Release|Any CPU.ActiveCfg = Release|Any CPU
		{CE054E22-29AD-466B-BCEF-B7F58615D33A}.Release|Any CPU.Build.0 = Release|Any CPU
	EndGlobalSection
	GlobalSection(SolutionProperties) = preSolution
		HideSolutionNode = FALSE
	EndGlobalSection
	GlobalSection(ExtensibilityGlobals) = postSolution
		SolutionGuid = {B0D7D6C3-F1A6-4053-89DD-ACC159F5AFAE}
	EndGlobalSection
EndGlobal
